// !$*UTF8*$!
{
	archiveVersion = 1;
	classes = {
	};
	objectVersion = 46;
	objects = {

/* Begin PBXBuildFile section */
		FD53F5D11C8C9AF80000FC9F /* main.m in Sources */ = {isa = PBXBuildFile; fileRef = FD53F5D01C8C9AF80000FC9F /* main.m */; };
		FD53F5D41C8C9AF80000FC9F /* AppDelegate.m in Sources */ = {isa = PBXBuildFile; fileRef = FD53F5D31C8C9AF80000FC9F /* AppDelegate.m */; };
		FD53F5D71C8C9AF80000FC9F /* ViewController.m in Sources */ = {isa = PBXBuildFile; fileRef = FD53F5D61C8C9AF80000FC9F /* ViewController.m */; };
		FD53F5DA1C8C9AF80000FC9F /* Main.storyboard in Resources */ = {isa = PBXBuildFile; fileRef = FD53F5D81C8C9AF80000FC9F /* Main.storyboard */; };
		FD53F5DC1C8C9AF80000FC9F /* Assets.xcassets in Resources */ = {isa = PBXBuildFile; fileRef = FD53F5DB1C8C9AF80000FC9F /* Assets.xcassets */; };
		FD53F5DF1C8C9AF80000FC9F /* LaunchScreen.storyboard in Resources */ = {isa = PBXBuildFile; fileRef = FD53F5DD1C8C9AF80000FC9F /* LaunchScreen.storyboard */; };
		FD53F5EA1C8C9AF90000FC9F /* ALiPayTestTests.m in Sources */ = {isa = PBXBuildFile; fileRef = FD53F5E91C8C9AF90000FC9F /* ALiPayTestTests.m */; };
		FD53F5F51C8C9AF90000FC9F /* ALiPayTestUITests.m in Sources */ = {isa = PBXBuildFile; fileRef = FD53F5F41C8C9AF90000FC9F /* ALiPayTestUITests.m */; };
/* End PBXBuildFile section */

/* Begin PBXContainerItemProxy section */
		FD53F5E61C8C9AF90000FC9F /* PBXContainerItemProxy */ = {
			isa = PBXContainerItemProxy;
			containerPortal = FD53F5C41C8C9AF80000FC9F /* Project object */;
			proxyType = 1;
			remoteGlobalIDString = FD53F5CB1C8C9AF80000FC9F;
			remoteInfo = ALiPayTest;
		};
		FD53F5F11C8C9AF90000FC9F /* PBXContainerItemProxy */ = {
			isa = PBXContainerItemProxy;
			containerPortal = FD53F5C41C8C9AF80000FC9F /* Project object */;
			proxyType = 1;
			remoteGlobalIDString = FD53F5CB1C8C9AF80000FC9F;
			remoteInfo = ALiPayTest;
		};
/* End PBXContainerItemProxy section */

/* Begin PBXFileReference section */
		FD53F5CC1C8C9AF80000FC9F /* ALiPayTest.app */ = {isa = PBXFileReference; explicitFileType = wrapper.application; includeInIndex = 0; path = ALiPayTest.app; sourceTree = BUILT_PRODUCTS_DIR; };
		FD53F5D01C8C9AF80000FC9F /* main.m */ = {isa = PBXFileReference; lastKnownFileType = sourcecode.c.objc; path = main.m; sourceTree = "<group>"; };
		FD53F5D21C8C9AF80000FC9F /* AppDelegate.h */ = {isa = PBXFileReference; lastKnownFileType = sourcecode.c.h; path = AppDelegate.h; sourceTree = "<group>"; };
		FD53F5D31C8C9AF80000FC9F /* AppDelegate.m */ = {isa = PBXFileReference; lastKnownFileType = sourcecode.c.objc; path = AppDelegate.m; sourceTree = "<group>"; };
		FD53F5D51C8C9AF80000FC9F /* ViewController.h */ = {isa = PBXFileReference; lastKnownFileType = sourcecode.c.h; path = ViewController.h; sourceTree = "<group>"; };
		FD53F5D61C8C9AF80000FC9F /* ViewController.m */ = {isa = PBXFileReference; lastKnownFileType = sourcecode.c.objc; path = ViewController.m; sourceTree = "<group>"; };
		FD53F5D91C8C9AF80000FC9F /* Base */ = {isa = PBXFileReference; lastKnownFileType = file.storyboard; name = Base; path = Base.lproj/Main.storyboard; sourceTree = "<group>"; };
		FD53F5DB1C8C9AF80000FC9F /* Assets.xcassets */ = {isa = PBXFileReference; lastKnownFileType = folder.assetcatalog; path = Assets.xcassets; sourceTree = "<group>"; };
		FD53F5DE1C8C9AF80000FC9F /* Base */ = {isa = PBXFileReference; lastKnownFileType = file.storyboard; name = Base; path = Base.lproj/LaunchScreen.storyboard; sourceTree = "<group>"; };
		FD53F5E01C8C9AF80000FC9F /* Info.plist */ = {isa = PBXFileReference; lastKnownFileType = text.plist.xml; path = Info.plist; sourceTree = "<group>"; };
		FD53F5E51C8C9AF90000FC9F /* ALiPayTestTests.xctest */ = {isa = PBXFileReference; explicitFileType = wrapper.cfbundle; includeInIndex = 0; path = ALiPayTestTests.xctest; sourceTree = BUILT_PRODUCTS_DIR; };
		FD53F5E91C8C9AF90000FC9F /* ALiPayTestTests.m */ = {isa = PBXFileReference; lastKnownFileType = sourcecode.c.objc; path = ALiPayTestTests.m; sourceTree = "<group>"; };
		FD53F5EB1C8C9AF90000FC9F /* Info.plist */ = {isa = PBXFileReference; lastKnownFileType = text.plist.xml; path = Info.plist; sourceTree = "<group>"; };
		FD53F5F01C8C9AF90000FC9F /* ALiPayTestUITests.xctest */ = {isa = PBXFileReference; explicitFileType = wrapper.cfbundle; includeInIndex = 0; path = ALiPayTestUITests.xctest; sourceTree = BUILT_PRODUCTS_DIR; };
		FD53F5F41C8C9AF90000FC9F /* ALiPayTestUITests.m */ = {isa = PBXFileReference; lastKnownFileType = sourcecode.c.objc; path = ALiPayTestUITests.m; sourceTree = "<group>"; };
		FD53F5F61C8C9AF90000FC9F /* Info.plist */ = {isa = PBXFileReference; lastKnownFileType = text.plist.xml; path = Info.plist; sourceTree = "<group>"; };
/* End PBXFileReference section */

/* Begin PBXFrameworksBuildPhase section */
		FD53F5C91C8C9AF80000FC9F /* Frameworks */ = {
			isa = PBXFrameworksBuildPhase;
			buildActionMask = 2147483647;
			files = (
			);
			runOnlyForDeploymentPostprocessing = 0;
		};
		FD53F5E21C8C9AF90000FC9F /* Frameworks */ = {
			isa = PBXFrameworksBuildPhase;
			buildActionMask = 2147483647;
			files = (
			);
			runOnlyForDeploymentPostprocessing = 0;
		};
		FD53F5ED1C8C9AF90000FC9F /* Frameworks */ = {
			isa = PBXFrameworksBuildPhase;
			buildActionMask = 2147483647;
			files = (
			);
			runOnlyForDeploymentPostprocessing = 0;
		};
/* End PBXFrameworksBuildPhase section */

/* Begin PBXGroup section */
		FD53F5C31C8C9AF80000FC9F = {
			isa = PBXGroup;
			children = (
				FD53F5CE1C8C9AF80000FC9F /* ALiPayTest */,
				FD53F5E81C8C9AF90000FC9F /* ALiPayTestTests */,
				FD53F5F31C8C9AF90000FC9F /* ALiPayTestUITests */,
				FD53F5CD1C8C9AF80000FC9F /* Products */,
			);
			sourceTree = "<group>";
		};
		FD53F5CD1C8C9AF80000FC9F /* Products */ = {
			isa = PBXGroup;
			children = (
				FD53F5CC1C8C9AF80000FC9F /* ALiPayTest.app */,
				FD53F5E51C8C9AF90000FC9F /* ALiPayTestTests.xctest */,
				FD53F5F01C8C9AF90000FC9F /* ALiPayTestUITests.xctest */,
			);
			name = Products;
			sourceTree = "<group>";
		};
		FD53F5CE1C8C9AF80000FC9F /* ALiPayTest */ = {
			isa = PBXGroup;
			children = (
				FD53F5D21C8C9AF80000FC9F /* AppDelegate.h */,
				FD53F5D31C8C9AF80000FC9F /* AppDelegate.m */,
				FD53F5D51C8C9AF80000FC9F /* ViewController.h */,
				FD53F5D61C8C9AF80000FC9F /* ViewController.m */,
				FD53F5D81C8C9AF80000FC9F /* Main.storyboard */,
				FD53F5DB1C8C9AF80000FC9F /* Assets.xcassets */,
				FD53F5DD1C8C9AF80000FC9F /* LaunchScreen.storyboard */,
				FD53F5E01C8C9AF80000FC9F /* Info.plist */,
				FD53F5CF1C8C9AF80000FC9F /* Supporting Files */,
			);
			path = ALiPayTest;
			sourceTree = "<group>";
		};
		FD53F5CF1C8C9AF80000FC9F /* Supporting Files */ = {
			isa = PBXGroup;
			children = (
				FD53F5D01C8C9AF80000FC9F /* main.m */,
			);
			name = "Supporting Files";
			sourceTree = "<group>";
		};
		FD53F5E81C8C9AF90000FC9F /* ALiPayTestTests */ = {
			isa = PBXGroup;
			children = (
				FD53F5E91C8C9AF90000FC9F /* ALiPayTestTests.m */,
				FD53F5EB1C8C9AF90000FC9F /* Info.plist */,
			);
			path = ALiPayTestTests;
			sourceTree = "<group>";
		};
		FD53F5F31C8C9AF90000FC9F /* ALiPayTestUITests */ = {
			isa = PBXGroup;
			children = (
				FD53F5F41C8C9AF90000FC9F /* ALiPayTestUITests.m */,
				FD53F5F61C8C9AF90000FC9F /* Info.plist */,
			);
			path = ALiPayTestUITests;
			sourceTree = "<group>";
		};
/* End PBXGroup section */

/* Begin PBXNativeTarget section */
		FD53F5CB1C8C9AF80000FC9F /* ALiPayTest */ = {
			isa = PBXNativeTarget;
			buildConfigurationList = FD53F5F91C8C9AF90000FC9F /* Build configuration list for PBXNativeTarget "ALiPayTest" */;
			buildPhases = (
				FD53F5C81C8C9AF80000FC9F /* Sources */,
				FD53F5C91C8C9AF80000FC9F /* Frameworks */,
				FD53F5CA1C8C9AF80000FC9F /* Resources */,
			);
			buildRules = (
			);
			dependencies = (
			);
			name = ALiPayTest;
			productName = ALiPayTest;
			productReference = FD53F5CC1C8C9AF80000FC9F /* ALiPayTest.app */;
			productType = "com.apple.product-type.application";
		};
		FD53F5E41C8C9AF90000FC9F /* ALiPayTestTests */ = {
			isa = PBXNativeTarget;
			buildConfigurationList = FD53F5FC1C8C9AF90000FC9F /* Build configuration list for PBXNativeTarget "ALiPayTestTests" */;
			buildPhases = (
				FD53F5E11C8C9AF90000FC9F /* Sources */,
				FD53F5E21C8C9AF90000FC9F /* Frameworks */,
				FD53F5E31C8C9AF90000FC9F /* Resources */,
			);
			buildRules = (
			);
			dependencies = (
				FD53F5E71C8C9AF90000FC9F /* PBXTargetDependency */,
			);
			name = ALiPayTestTests;
			productName = ALiPayTestTests;
			productReference = FD53F5E51C8C9AF90000FC9F /* ALiPayTestTests.xctest */;
			productType = "com.apple.product-type.bundle.unit-test";
		};
		FD53F5EF1C8C9AF90000FC9F /* ALiPayTestUITests */ = {
			isa = PBXNativeTarget;
			buildConfigurationList = FD53F5FF1C8C9AF90000FC9F /* Build configuration list for PBXNativeTarget "ALiPayTestUITests" */;
			buildPhases = (
				FD53F5EC1C8C9AF90000FC9F /* Sources */,
				FD53F5ED1C8C9AF90000FC9F /* Frameworks */,
				FD53F5EE1C8C9AF90000FC9F /* Resources */,
			);
			buildRules = (
			);
			dependencies = (
				FD53F5F21C8C9AF90000FC9F /* PBXTargetDependency */,
			);
			name = ALiPayTestUITests;
			productName = ALiPayTestUITests;
			productReference = FD53F5F01C8C9AF90000FC9F /* ALiPayTestUITests.xctest */;
			productType = "com.apple.product-type.bundle.ui-testing";
		};
/* End PBXNativeTarget section */

/* Begin PBXProject section */
		FD53F5C41C8C9AF80000FC9F /* Project object */ = {
			isa = PBXProject;
			attributes = {
				LastUpgradeCheck = 0720;
				ORGANIZATIONNAME = "董强";
				TargetAttributes = {
					FD53F5CB1C8C9AF80000FC9F = {
						CreatedOnToolsVersion = 7.2.1;
					};
					FD53F5E41C8C9AF90000FC9F = {
						CreatedOnToolsVersion = 7.2.1;
						TestTargetID = FD53F5CB1C8C9AF80000FC9F;
					};
					FD53F5EF1C8C9AF90000FC9F = {
						CreatedOnToolsVersion = 7.2.1;
						TestTargetID = FD53F5CB1C8C9AF80000FC9F;
					};
				};
			};
			buildConfigurationList = FD53F5C71C8C9AF80000FC9F /* Build configuration list for PBXProject "ALiPayTest" */;
			compatibilityVersion = "Xcode 3.2";
			developmentRegion = English;
			hasScannedForEncodings = 0;
			knownRegions = (
				en,
				Base,
			);
			mainGroup = FD53F5C31C8C9AF80000FC9F;
			productRefGroup = FD53F5CD1C8C9AF80000FC9F /* Products */;
			projectDirPath = "";
			projectRoot = "";
			targets = (
				FD53F5CB1C8C9AF80000FC9F /* ALiPayTest */,
				FD53F5E41C8C9AF90000FC9F /* ALiPayTestTests */,
				FD53F5EF1C8C9AF90000FC9F /* ALiPayTestUITests */,
			);
		};
/* End PBXProject section */

/* Begin PBXResourcesBuildPhase section */
		FD53F5CA1C8C9AF80000FC9F /* Resources */ = {
			isa = PBXResourcesBuildPhase;
			buildActionMask = 2147483647;
			files = (
				FD53F5DF1C8C9AF80000FC9F /* LaunchScreen.storyboard in Resources */,
				FD53F5DC1C8C9AF80000FC9F /* Assets.xcassets in Resources */,
				FD53F5DA1C8C9AF80000FC9F /* Main.storyboard in Resources */,
			);
			runOnlyForDeploymentPostprocessing = 0;
		};
		FD53F5E31C8C9AF90000FC9F /* Resources */ = {
			isa = PBXResourcesBuildPhase;
			buildActionMask = 2147483647;
			files = (
			);
			runOnlyForDeploymentPostprocessing = 0;
		};
		FD53F5EE1C8C9AF90000FC9F /* Resources */ = {
			isa = PBXResourcesBuildPhase;
			buildActionMask = 2147483647;
			files = (
			);
			runOnlyForDeploymentPostprocessing = 0;
		};
/* End PBXResourcesBuildPhase section */

/* Begin PBXSourcesBuildPhase section */
		FD53F5C81C8C9AF80000FC9F /* Sources */ = {
			isa = PBXSourcesBuildPhase;
			buildActionMask = 2147483647;
			files = (
				FD53F5D71C8C9AF80000FC9F /* ViewController.m in Sources */,
				FD53F5D41C8C9AF80000FC9F /* AppDelegate.m in Sources */,
				FD53F5D11C8C9AF80000FC9F /* main.m in Sources */,
			);
			runOnlyForDeploymentPostprocessing = 0;
		};
		FD53F5E11C8C9AF90000FC9F /* Sources */ = {
			isa = PBXSourcesBuildPhase;
			buildActionMask = 2147483647;
			files = (
				FD53F5EA1C8C9AF90000FC9F /* ALiPayTestTests.m in Sources */,
			);
			runOnlyForDeploymentPostprocessing = 0;
		};
		FD53F5EC1C8C9AF90000FC9F /* Sources */ = {
			isa = PBXSourcesBuildPhase;
			buildActionMask = 2147483647;
			files = (
				FD53F5F51C8C9AF90000FC9F /* ALiPayTestUITests.m in Sources */,
			);
			runOnlyForDeploymentPostprocessing = 0;
		};
/* End PBXSourcesBuildPhase section */

/* Begin PBXTargetDependency section */
		FD53F5E71C8C9AF90000FC9F /* PBXTargetDependency */ = {
			isa = PBXTargetDependency;
			target = FD53F5CB1C8C9AF80000FC9F /* ALiPayTest */;
			targetProxy = FD53F5E61C8C9AF90000FC9F /* PBXContainerItemProxy */;
		};
		FD53F5F21C8C9AF90000FC9F /* PBXTargetDependency */ = {
			isa = PBXTargetDependency;
			target = FD53F5CB1C8C9AF80000FC9F /* ALiPayTest */;
			targetProxy = FD53F5F11C8C9AF90000FC9F /* PBXContainerItemProxy */;
		};
/* End PBXTargetDependency section */

/* Begin PBXVariantGroup section */
		FD53F5D81C8C9AF80000FC9F /* Main.storyboard */ = {
			isa = PBXVariantGroup;
			children = (
				FD53F5D91C8C9AF80000FC9F /* Base */,
			);
			name = Main.storyboard;
			sourceTree = "<group>";
		};
		FD53F5DD1C8C9AF80000FC9F /* LaunchScreen.storyboard */ = {
			isa = PBXVariantGroup;
			children = (
				FD53F5DE1C8C9AF80000FC9F /* Base */,
			);
			name = LaunchScreen.storyboard;
			sourceTree = "<group>";
		};
/* End PBXVariantGroup section */

/* Begin XCBuildConfiguration section */
		FD53F5F71C8C9AF90000FC9F /* Debug */ = {
			isa = XCBuildConfiguration;
			buildSettings = {
				ALWAYS_SEARCH_USER_PATHS = NO;
				CLANG_CXX_LANGUAGE_STANDARD = "gnu++0x";
				CLANG_CXX_LIBRARY = "libc++";
				CLANG_ENABLE_MODULES = YES;
				CLANG_ENABLE_OBJC_ARC = YES;
				CLANG_WARN_BOOL_CONVERSION = YES;
				CLANG_WARN_CONSTANT_CONVERSION = YES;
				CLANG_WARN_DIRECT_OBJC_ISA_USAGE = YES_ERROR;
				CLANG_WARN_EMPTY_BODY = YES;
				CLANG_WARN_ENUM_CONVERSION = YES;
				CLANG_WARN_INT_CONVERSION = YES;
				CLANG_WARN_OBJC_ROOT_CLASS = YES_ERROR;
				CLANG_WARN_UNREACHABLE_CODE = YES;
				CLANG_WARN__DUPLICATE_METHOD_MATCH = YES;
				"CODE_SIGN_IDENTITY[sdk=iphoneos*]" = "iPhone Developer";
				COPY_PHASE_STRIP = NO;
				DEBUG_INFORMATION_FORMAT = dwarf;
				ENABLE_STRICT_OBJC_MSGSEND = YES;
				ENABLE_TESTABILITY = YES;
				GCC_C_LANGUAGE_STANDARD = gnu99;
				GCC_DYNAMIC_NO_PIC = NO;
				GCC_NO_COMMON_BLOCKS = YES;
				GCC_OPTIMIZATION_LEVEL = 0;
				GCC_PREPROCESSOR_DEFINITIONS = (
					"DEBUG=1",
					"$(inherited)",
				);
				GCC_WARN_64_TO_32_BIT_CONVERSION = YES;
				GCC_WARN_ABOUT_RETURN_TYPE = YES_ERROR;
				GCC_WARN_UNDECLARED_SELECTOR = YES;
				GCC_WARN_UNINITIALIZED_AUTOS = YES_AGGRESSIVE;
				GCC_WARN_UNUSED_FUNCTION = YES;
				GCC_WARN_UNUSED_VARIABLE = YES;
				IPHONEOS_DEPLOYMENT_TARGET = 9.2;
				MTL_ENABLE_DEBUG_INFO = YES;
				ONLY_ACTIVE_ARCH = YES;
				SDKROOT = iphoneos;
			};
			name = Debug;
		};
		FD53F5F81C8C9AF90000FC9F /* Release */ = {
			isa = XCBuildConfiguration;
			buildSettings = {
				ALWAYS_SEARCH_USER_PATHS = NO;
				CLANG_CXX_LANGUAGE_STANDARD = "gnu++0x";
				CLANG_CXX_LIBRARY = "libc++";
				CLANG_ENABLE_MODULES = YES;
				CLANG_ENABLE_OBJC_ARC = YES;
				CLANG_WARN_BOOL_CONVERSION = YES;
				CLANG_WARN_CONSTANT_CONVERSION = YES;
				CLANG_WARN_DIRECT_OBJC_ISA_USAGE = YES_ERROR;
				CLANG_WARN_EMPTY_BODY = YES;
				CLANG_WARN_ENUM_CONVERSION = YES;
				CLANG_WARN_INT_CONVERSION = YES;
				CLANG_WARN_OBJC_ROOT_CLASS = YES_ERROR;
				CLANG_WARN_UNREACHABLE_CODE = YES;
				CLANG_WARN__DUPLICATE_METHOD_MATCH = YES;
				"CODE_SIGN_IDENTITY[sdk=iphoneos*]" = "iPhone Developer";
				COPY_PHASE_STRIP = NO;
				DEBUG_INFORMATION_FORMAT = "dwarf-with-dsym";
				ENABLE_NS_ASSERTIONS = NO;
				ENABLE_STRICT_OBJC_MSGSEND = YES;
				GCC_C_LANGUAGE_STANDARD = gnu99;
				GCC_NO_COMMON_BLOCKS = YES;
				GCC_WARN_64_TO_32_BIT_CONVERSION = YES;
				GCC_WARN_ABOUT_RETURN_TYPE = YES_ERROR;
				GCC_WARN_UNDECLARED_SELECTOR = YES;
				GCC_WARN_UNINITIALIZED_AUTOS = YES_AGGRESSIVE;
				GCC_WARN_UNUSED_FUNCTION = YES;
				GCC_WARN_UNUSED_VARIABLE = YES;
				IPHONEOS_DEPLOYMENT_TARGET = 9.2;
				MTL_ENABLE_DEBUG_INFO = NO;
				SDKROOT = iphoneos;
				VALIDATE_PRODUCT = YES;
			};
			name = Release;
		};
		FD53F5FA1C8C9AF90000FC9F /* Debug */ = {
			isa = XCBuildConfiguration;
			buildSettings = {
				ASSETCATALOG_COMPILER_APPICON_NAME = AppIcon;
				INFOPLIST_FILE = ALiPayTest/Info.plist;
				LD_RUNPATH_SEARCH_PATHS = "$(inherited) @executable_path/Frameworks";
				PRODUCT_BUNDLE_IDENTIFIER = dq.ALiPayTest;
				PRODUCT_NAME = "$(TARGET_NAME)";
			};
			name = Debug;
		};
		FD53F5FB1C8C9AF90000FC9F /* Release */ = {
			isa = XCBuildConfiguration;
			buildSettings = {
				ASSETCATALOG_COMPILER_APPICON_NAME = AppIcon;
				INFOPLIST_FILE = ALiPayTest/Info.plist;
				LD_RUNPATH_SEARCH_PATHS = "$(inherited) @executable_path/Frameworks";
				PRODUCT_BUNDLE_IDENTIFIER = dq.ALiPayTest;
				PRODUCT_NAME = "$(TARGET_NAME)";
			};
			name = Release;
		};
		FD53F5FD1C8C9AF90000FC9F /* Debug */ = {
			isa = XCBuildConfiguration;
			buildSettings = {
				BUNDLE_LOADER = "$(TEST_HOST)";
				INFOPLIST_FILE = ALiPayTestTests/Info.plist;
				LD_RUNPATH_SEARCH_PATHS = "$(inherited) @executable_path/Frameworks @loader_path/Frameworks";
				PRODUCT_BUNDLE_IDENTIFIER = dq.ALiPayTestTests;
				PRODUCT_NAME = "$(TARGET_NAME)";
				TEST_HOST = "$(BUILT_PRODUCTS_DIR)/ALiPayTest.app/ALiPayTest";
			};
			name = Debug;
		};
		FD53F5FE1C8C9AF90000FC9F /* Release */ = {
			isa = XCBuildConfiguration;
			buildSettings = {
				BUNDLE_LOADER = "$(TEST_HOST)";
				INFOPLIST_FILE = ALiPayTestTests/Info.plist;
				LD_RUNPATH_SEARCH_PATHS = "$(inherited) @executable_path/Frameworks @loader_path/Frameworks";
				PRODUCT_BUNDLE_IDENTIFIER = dq.ALiPayTestTests;
				PRODUCT_NAME = "$(TARGET_NAME)";
				TEST_HOST = "$(BUILT_PRODUCTS_DIR)/ALiPayTest.app/ALiPayTest";
			};
			name = Release;
		};
		FD53F6001C8C9AF90000FC9F /* Debug */ = {
			isa = XCBuildConfiguration;
			buildSettings = {
				INFOPLIST_FILE = ALiPayTestUITests/Info.plist;
				LD_RUNPATH_SEARCH_PATHS = "$(inherited) @executable_path/Frameworks @loader_path/Frameworks";
				PRODUCT_BUNDLE_IDENTIFIER = dq.ALiPayTestUITests;
				PRODUCT_NAME = "$(TARGET_NAME)";
				TEST_TARGET_NAME = ALiPayTest;
				USES_XCTRUNNER = YES;
			};
			name = Debug;
		};
		FD53F6011C8C9AF90000FC9F /* Release */ = {
			isa = XCBuildConfiguration;
			buildSettings = {
				INFOPLIST_FILE = ALiPayTestUITests/Info.plist;
				LD_RUNPATH_SEARCH_PATHS = "$(inherited) @executable_path/Frameworks @loader_path/Frameworks";
				PRODUCT_BUNDLE_IDENTIFIER = dq.ALiPayTestUITests;
				PRODUCT_NAME = "$(TARGET_NAME)";
				TEST_TARGET_NAME = ALiPayTest;
				USES_XCTRUNNER = YES;
			};
			name = Release;
		};
/* End XCBuildConfiguration section */

/* Begin XCConfigurationList section */
		FD53F5C71C8C9AF80000FC9F /* Build configuration list for PBXProject "ALiPayTest" */ = {
			isa = XCConfigurationList;
			buildConfigurations = (
				FD53F5F71C8C9AF90000FC9F /* Debug */,
				FD53F5F81C8C9AF90000FC9F /* Release */,
			);
			defaultConfigurationIsVisible = 0;
			defaultConfigurationName = Release;
		};
		FD53F5F91C8C9AF90000FC9F /* Build configuration list for PBXNativeTarget "ALiPayTest" */ = {
			isa = XCConfigurationList;
			buildConfigurations = (
				FD53F5FA1C8C9AF90000FC9F /* Debug */,
				FD53F5FB1C8C9AF90000FC9F /* Release */,
			);
			defaultConfigurationIsVisible = 0;
		};
		FD53F5FC1C8C9AF90000FC9F /* Build configuration list for PBXNativeTarget "ALiPayTestTests" */ = {
			isa = XCConfigurationList;
			buildConfigurations = (
				FD53F5FD1C8C9AF90000FC9F /* Debug */,
				FD53F5FE1C8C9AF90000FC9F /* Release */,
			);
			defaultConfigurationIsVisible = 0;
		};
		FD53F5FF1C8C9AF90000FC9F /* Build configuration list for PBXNativeTarget "ALiPayTestUITests" */ = {
			isa = XCConfigurationList;
			buildConfigurations = (
				FD53F6001C8C9AF90000FC9F /* Debug */,
				FD53F6011C8C9AF90000FC9F /* Release */,
			);
			defaultConfigurationIsVisible = 0;
		};
/* End XCConfigurationList section */
	};
	rootObject = FD53F5C41C8C9AF80000FC9F /* Project object */;
}
